
Microsoft Visual Studio Solution File, Format Version 12.00
Project("{2150E333-8FDC-42A3-9474-1A3956D46DE8}") = "samples", "samples", "{E90A9330-AFFC-483A-9E27-37B0AD9678B7}"
EndProject
Project("{FAE04EC0-301F-11D3-BF4B-00C04F79EFBC}") = "RestEasy.BasicRest.Server", "samples\RestEasy.BasicRest.Server\RestEasy.BasicRest.Server.csproj", "{CDAA6C4C-33D3-445E-8819-522EFD585705}"
EndProject
Project("{2150E333-8FDC-42A3-9474-1A3956D46DE8}") = "src", "src", "{FA1C762D-6FD2-4D25-8958-8079FA01A9F8}"
EndProject
Project("{FAE04EC0-301F-11D3-BF4B-00C04F79EFBC}") = "RestEasy.Core", "src\RestEasy.Core\RestEasy.Core.csproj", "{86FA26AD-15D8-45AB-9F26-93F4434EBB5B}"
EndProject
Project("{FAE04EC0-301F-11D3-BF4B-00C04F79EFBC}") = "RestEasy", "src\RestEasy\RestEasy.csproj", "{9849355A-2CD0-45B2-B331-1E9F9E4E2AB0}"
EndProject
Project("{2150E333-8FDC-42A3-9474-1A3956D46DE8}") = "basic", "basic", "{4B4673E4-785C-45A4-92F3-079DAA63A0D2}"
EndProject
Project("{FAE04EC0-301F-11D3-BF4B-00C04F79EFBC}") = "RestEasy.BasicRest.Client", "samples\RestEasy.BasicRest.Client\RestEasy.BasicRest.Client.csproj", "{877B44A6-4913-4F9C-B132-DCAFE0C2EF14}"
EndProject
Project("{2150E333-8FDC-42A3-9474-1A3956D46DE8}") = "custom", "custom", "{83DD654B-06A3-420D-A45E-4C8B093F655C}"
EndProject
Project("{FAE04EC0-301F-11D3-BF4B-00C04F79EFBC}") = "RestEasy.Custom.Server", "samples\RestEasy.Custom.Server\RestEasy.Custom.Server.csproj", "{688B3B08-4D77-40A0-BC8A-73F2F0E0251D}"
EndProject
Global
	GlobalSection(SolutionConfigurationPlatforms) = preSolution
		Debug|Any CPU = Debug|Any CPU
		Release|Any CPU = Release|Any CPU
	EndGlobalSection
	GlobalSection(NestedProjects) = preSolution
		{86FA26AD-15D8-45AB-9F26-93F4434EBB5B} = {FA1C762D-6FD2-4D25-8958-8079FA01A9F8}
		{9849355A-2CD0-45B2-B331-1E9F9E4E2AB0} = {FA1C762D-6FD2-4D25-8958-8079FA01A9F8}
		{4B4673E4-785C-45A4-92F3-079DAA63A0D2} = {E90A9330-AFFC-483A-9E27-37B0AD9678B7}
		{CDAA6C4C-33D3-445E-8819-522EFD585705} = {4B4673E4-785C-45A4-92F3-079DAA63A0D2}
		{877B44A6-4913-4F9C-B132-DCAFE0C2EF14} = {4B4673E4-785C-45A4-92F3-079DAA63A0D2}
		{83DD654B-06A3-420D-A45E-4C8B093F655C} = {E90A9330-AFFC-483A-9E27-37B0AD9678B7}
		{688B3B08-4D77-40A0-BC8A-73F2F0E0251D} = {83DD654B-06A3-420D-A45E-4C8B093F655C}
	EndGlobalSection
	GlobalSection(ProjectConfigurationPlatforms) = postSolution
		{CDAA6C4C-33D3-445E-8819-522EFD585705}.Debug|Any CPU.ActiveCfg = Debug|Any CPU
		{CDAA6C4C-33D3-445E-8819-522EFD585705}.Debug|Any CPU.Build.0 = Debug|Any CPU
		{CDAA6C4C-33D3-445E-8819-522EFD585705}.Release|Any CPU.ActiveCfg = Release|Any CPU
		{CDAA6C4C-33D3-445E-8819-522EFD585705}.Release|Any CPU.Build.0 = Release|Any CPU
		{86FA26AD-15D8-45AB-9F26-93F4434EBB5B}.Debug|Any CPU.ActiveCfg = Debug|Any CPU
		{86FA26AD-15D8-45AB-9F26-93F4434EBB5B}.Debug|Any CPU.Build.0 = Debug|Any CPU
		{86FA26AD-15D8-45AB-9F26-93F4434EBB5B}.Release|Any CPU.ActiveCfg = Release|Any CPU
		{86FA26AD-15D8-45AB-9F26-93F4434EBB5B}.Release|Any CPU.Build.0 = Release|Any CPU
		{9849355A-2CD0-45B2-B331-1E9F9E4E2AB0}.Debug|Any CPU.ActiveCfg = Debug|Any CPU
		{9849355A-2CD0-45B2-B331-1E9F9E4E2AB0}.Debug|Any CPU.Build.0 = Debug|Any CPU
		{9849355A-2CD0-45B2-B331-1E9F9E4E2AB0}.Release|Any CPU.ActiveCfg = Release|Any CPU
		{9849355A-2CD0-45B2-B331-1E9F9E4E2AB0}.Release|Any CPU.Build.0 = Release|Any CPU
		{877B44A6-4913-4F9C-B132-DCAFE0C2EF14}.Debug|Any CPU.ActiveCfg = Debug|Any CPU
		{877B44A6-4913-4F9C-B132-DCAFE0C2EF14}.Debug|Any CPU.Build.0 = Debug|Any CPU
		{877B44A6-4913-4F9C-B132-DCAFE0C2EF14}.Release|Any CPU.ActiveCfg = Release|Any CPU
		{877B44A6-4913-4F9C-B132-DCAFE0C2EF14}.Release|Any CPU.Build.0 = Release|Any CPU
		{688B3B08-4D77-40A0-BC8A-73F2F0E0251D}.Debug|Any CPU.ActiveCfg = Debug|Any CPU
		{688B3B08-4D77-40A0-BC8A-73F2F0E0251D}.Debug|Any CPU.Build.0 = Debug|Any CPU
		{688B3B08-4D77-40A0-BC8A-73F2F0E0251D}.Release|Any CPU.ActiveCfg = Release|Any CPU
		{688B3B08-4D77-40A0-BC8A-73F2F0E0251D}.Release|Any CPU.Build.0 = Release|Any CPU
	EndGlobalSection
EndGlobal
